
Microsoft Visual Studio Solution File, Format Version 11.00
# Visual Studio 2010
Project("{FAE04EC0-301F-11D3-BF4B-00C04F79EFBC}") = "Grupo5-master", "Assembly-CSharp-firstpass.csproj", "{0445DACF-2572-A34F-13FA-9621B6CD9AAD}"
EndProject
Project("{FAE04EC0-301F-11D3-BF4B-00C04F79EFBC}") = "Grupo5-master", "Assembly-CSharp.csproj", "{A4D5A16D-DC89-60F2-EB74-D013B34460D1}"
EndProject
Project("{FAE04EC0-301F-11D3-BF4B-00C04F79EFBC}") = "Grupo5-master", "Assembly-CSharp-Editor-firstpass.csproj", "{4213353A-A932-95A9-2205-6EFF84769566}"
EndProject
Project("{FAE04EC0-301F-11D3-BF4B-00C04F79EFBC}") = "Grupo5-master", "Assembly-CSharp-Editor.csproj", "{7F5DA9DB-781E-E10F-5A75-1C05BAB169BF}"
EndProject
Global
	GlobalSection(SolutionConfigurationPlatforms) = preSolution
		Debug|Any CPU = Debug|Any CPU
		Release|Any CPU = Release|Any CPU
	EndGlobalSection
	GlobalSection(ProjectConfigurationPlatforms) = postSolution
		{0445DACF-2572-A34F-13FA-9621B6CD9AAD}.Debug|Any CPU.ActiveCfg = Debug|Any CPU
		{0445DACF-2572-A34F-13FA-9621B6CD9AAD}.Debug|Any CPU.Build.0 = Debug|Any CPU
		{0445DACF-2572-A34F-13FA-9621B6CD9AAD}.Release|Any CPU.ActiveCfg = Release|Any CPU
		{0445DACF-2572-A34F-13FA-9621B6CD9AAD}.Release|Any CPU.Build.0 = Release|Any CPU
		{A4D5A16D-DC89-60F2-EB74-D013B34460D1}.Debug|Any CPU.ActiveCfg = Debug|Any CPU
		{A4D5A16D-DC89-60F2-EB74-D013B34460D1}.Debug|Any CPU.Build.0 = Debug|Any CPU
		{A4D5A16D-DC89-60F2-EB74-D013B34460D1}.Release|Any CPU.ActiveCfg = Release|Any CPU
		{A4D5A16D-DC89-60F2-EB74-D013B34460D1}.Release|Any CPU.Build.0 = Release|Any CPU
		{4213353A-A932-95A9-2205-6EFF84769566}.Debug|Any CPU.ActiveCfg = Debug|Any CPU
		{4213353A-A932-95A9-2205-6EFF84769566}.Debug|Any CPU.Build.0 = Debug|Any CPU
		{4213353A-A932-95A9-2205-6EFF84769566}.Release|Any CPU.ActiveCfg = Release|Any CPU
		{4213353A-A932-95A9-2205-6EFF84769566}.Release|Any CPU.Build.0 = Release|Any CPU
		{7F5DA9DB-781E-E10F-5A75-1C05BAB169BF}.Debug|Any CPU.ActiveCfg = Debug|Any CPU
		{7F5DA9DB-781E-E10F-5A75-1C05BAB169BF}.Debug|Any CPU.Build.0 = Debug|Any CPU
		{7F5DA9DB-781E-E10F-5A75-1C05BAB169BF}.Release|Any CPU.ActiveCfg = Release|Any CPU
		{7F5DA9DB-781E-E10F-5A75-1C05BAB169BF}.Release|Any CPU.Build.0 = Release|Any CPU
	EndGlobalSection
	GlobalSection(SolutionProperties) = preSolution
		HideSolutionNode = FALSE
	EndGlobalSection
	GlobalSection(MonoDevelopProperties) = preSolution
		StartupItem = Assembly-CSharp.csproj
	EndGlobalSection
EndGlobal
